// !$*UTF8*$!
{
	archiveVersion = 1;
	classes = {
	};
	objectVersion = 46;
	objects = {

/* Begin PBXBuildFile section */
		8531ECF91885823300CDDBD2 /* Cocoa.framework in Frameworks */ = {isa = PBXBuildFile; fileRef = 8531ECF81885823300CDDBD2 /* Cocoa.framework */; };
		8531ED031885823300CDDBD2 /* InfoPlist.strings in Resources */ = {isa = PBXBuildFile; fileRef = 8531ED011885823300CDDBD2 /* InfoPlist.strings */; };
		8531ED051885823300CDDBD2 /* main.m in Sources */ = {isa = PBXBuildFile; fileRef = 8531ED041885823300CDDBD2 /* main.m */; };
		8531ED091885823300CDDBD2 /* Credits.rtf in Resources */ = {isa = PBXBuildFile; fileRef = 8531ED071885823300CDDBD2 /* Credits.rtf */; };
		8531ED0C1885823300CDDBD2 /* YLDocument.mm in Sources */ = {isa = PBXBuildFile; fileRef = 8531ED0B1885823300CDDBD2 /* YLDocument.mm */; };
		8531ED0F1885823300CDDBD2 /* YLDocument.xib in Resources */ = {isa = PBXBuildFile; fileRef = 8531ED0D1885823300CDDBD2 /* YLDocument.xib */; };
		8531ED121885823300CDDBD2 /* MainMenu.xib in Resources */ = {isa = PBXBuildFile; fileRef = 8531ED101885823300CDDBD2 /* MainMenu.xib */; };
		8531ED141885823300CDDBD2 /* Images.xcassets in Resources */ = {isa = PBXBuildFile; fileRef = 8531ED131885823300CDDBD2 /* Images.xcassets */; };
		8531ED1B1885823300CDDBD2 /* XCTest.framework in Frameworks */ = {isa = PBXBuildFile; fileRef = 8531ED1A1885823300CDDBD2 /* XCTest.framework */; };
		8531ED1C1885823300CDDBD2 /* Cocoa.framework in Frameworks */ = {isa = PBXBuildFile; fileRef = 8531ECF81885823300CDDBD2 /* Cocoa.framework */; };
		8531ED241885823300CDDBD2 /* InfoPlist.strings in Resources */ = {isa = PBXBuildFile; fileRef = 8531ED221885823300CDDBD2 /* InfoPlist.strings */; };
		8531ED261885823300CDDBD2 /* SkewDragonTests.m in Sources */ = {isa = PBXBuildFile; fileRef = 8531ED251885823300CDDBD2 /* SkewDragonTests.m */; };
		8531ED31188582DD00CDDBD2 /* YLPlayerView.m in Sources */ = {isa = PBXBuildFile; fileRef = 8531ED30188582DD00CDDBD2 /* YLPlayerView.m */; };
		858F252C1887812600C9BC20 /* YLFaceLayer.m in Sources */ = {isa = PBXBuildFile; fileRef = 858F252B1887812600C9BC20 /* YLFaceLayer.m */; };
		85EDA83E18859B68009F690C /* YLAppDelegate.m in Sources */ = {isa = PBXBuildFile; fileRef = 85EDA83D18859B68009F690C /* YLAppDelegate.m */; };
/* End PBXBuildFile section */

/* Begin PBXContainerItemProxy section */
		8531ED1D1885823300CDDBD2 /* PBXContainerItemProxy */ = {
			isa = PBXContainerItemProxy;
			containerPortal = 8531ECED1885823300CDDBD2 /* Project object */;
			proxyType = 1;
			remoteGlobalIDString = 8531ECF41885823300CDDBD2;
			remoteInfo = SkewDragon;
		};
/* End PBXContainerItemProxy section */

/* Begin PBXFileReference section */
		8531ECF51885823300CDDBD2 /* SkewDragon.app */ = {isa = PBXFileReference; explicitFileType = wrapper.application; includeInIndex = 0; path = SkewDragon.app; sourceTree = BUILT_PRODUCTS_DIR; };
		8531ECF81885823300CDDBD2 /* Cocoa.framework */ = {isa = PBXFileReference; lastKnownFileType = wrapper.framework; name = Cocoa.framework; path = System/Library/Frameworks/Cocoa.framework; sourceTree = SDKROOT; };
		8531ECFB1885823300CDDBD2 /* AppKit.framework */ = {isa = PBXFileReference; lastKnownFileType = wrapper.framework; name = AppKit.framework; path = System/Library/Frameworks/AppKit.framework; sourceTree = SDKROOT; };
		8531ECFC1885823300CDDBD2 /* CoreData.framework */ = {isa = PBXFileReference; lastKnownFileType = wrapper.framework; name = CoreData.framework; path = System/Library/Frameworks/CoreData.framework; sourceTree = SDKROOT; };
		8531ECFD1885823300CDDBD2 /* Foundation.framework */ = {isa = PBXFileReference; lastKnownFileType = wrapper.framework; name = Foundation.framework; path = System/Library/Frameworks/Foundation.framework; sourceTree = SDKROOT; };
		8531ED001885823300CDDBD2 /* SkewDragon-Info.plist */ = {isa = PBXFileReference; lastKnownFileType = text.plist.xml; path = "SkewDragon-Info.plist"; sourceTree = "<group>"; };
		8531ED021885823300CDDBD2 /* en */ = {isa = PBXFileReference; lastKnownFileType = text.plist.strings; name = en; path = en.lproj/InfoPlist.strings; sourceTree = "<group>"; };
		8531ED041885823300CDDBD2 /* main.m */ = {isa = PBXFileReference; lastKnownFileType = sourcecode.c.objc; path = main.m; sourceTree = "<group>"; };
		8531ED061885823300CDDBD2 /* SkewDragon-Prefix.pch */ = {isa = PBXFileReference; lastKnownFileType = sourcecode.c.h; path = "SkewDragon-Prefix.pch"; sourceTree = "<group>"; };
		8531ED081885823300CDDBD2 /* en */ = {isa = PBXFileReference; lastKnownFileType = text.rtf; name = en; path = en.lproj/Credits.rtf; sourceTree = "<group>"; };
		8531ED0A1885823300CDDBD2 /* YLDocument.h */ = {isa = PBXFileReference; lastKnownFileType = sourcecode.c.h; path = YLDocument.h; sourceTree = "<group>"; };
		8531ED0B1885823300CDDBD2 /* YLDocument.mm */ = {isa = PBXFileReference; lastKnownFileType = sourcecode.cpp.objcpp; path = YLDocument.mm; sourceTree = "<group>"; };
		8531ED0E1885823300CDDBD2 /* Base */ = {isa = PBXFileReference; lastKnownFileType = file.xib; name = Base; path = Base.lproj/YLDocument.xib; sourceTree = "<group>"; };
		8531ED111885823300CDDBD2 /* Base */ = {isa = PBXFileReference; lastKnownFileType = file.xib; name = Base; path = Base.lproj/MainMenu.xib; sourceTree = "<group>"; };
		8531ED131885823300CDDBD2 /* Images.xcassets */ = {isa = PBXFileReference; lastKnownFileType = folder.assetcatalog; path = Images.xcassets; sourceTree = "<group>"; };
		8531ED191885823300CDDBD2 /* SkewDragonTests.xctest */ = {isa = PBXFileReference; explicitFileType = wrapper.cfbundle; includeInIndex = 0; path = SkewDragonTests.xctest; sourceTree = BUILT_PRODUCTS_DIR; };
		8531ED1A1885823300CDDBD2 /* XCTest.framework */ = {isa = PBXFileReference; lastKnownFileType = wrapper.framework; name = XCTest.framework; path = Library/Frameworks/XCTest.framework; sourceTree = DEVELOPER_DIR; };
		8531ED211885823300CDDBD2 /* SkewDragonTests-Info.plist */ = {isa = PBXFileReference; lastKnownFileType = text.plist.xml; path = "SkewDragonTests-Info.plist"; sourceTree = "<group>"; };
		8531ED231885823300CDDBD2 /* en */ = {isa = PBXFileReference; lastKnownFileType = text.plist.strings; name = en; path = en.lproj/InfoPlist.strings; sourceTree = "<group>"; };
		8531ED251885823300CDDBD2 /* SkewDragonTests.m */ = {isa = PBXFileReference; lastKnownFileType = sourcecode.c.objc; path = SkewDragonTests.m; sourceTree = "<group>"; };
		8531ED2F188582DD00CDDBD2 /* YLPlayerView.h */ = {isa = PBXFileReference; fileEncoding = 4; lastKnownFileType = sourcecode.c.h; path = YLPlayerView.h; sourceTree = "<group>"; };
		8531ED30188582DD00CDDBD2 /* YLPlayerView.m */ = {isa = PBXFileReference; fileEncoding = 4; lastKnownFileType = sourcecode.c.objc; path = YLPlayerView.m; sourceTree = "<group>"; };
		858F252A1887812600C9BC20 /* YLFaceLayer.h */ = {isa = PBXFileReference; fileEncoding = 4; lastKnownFileType = sourcecode.c.h; path = YLFaceLayer.h; sourceTree = "<group>"; };
		858F252B1887812600C9BC20 /* YLFaceLayer.m */ = {isa = PBXFileReference; fileEncoding = 4; lastKnownFileType = sourcecode.c.objc; path = YLFaceLayer.m; sourceTree = "<group>"; };
		85EDA83C18859B68009F690C /* YLAppDelegate.h */ = {isa = PBXFileReference; fileEncoding = 4; lastKnownFileType = sourcecode.c.h; path = YLAppDelegate.h; sourceTree = "<group>"; };
		85EDA83D18859B68009F690C /* YLAppDelegate.m */ = {isa = PBXFileReference; fileEncoding = 4; lastKnownFileType = sourcecode.c.objc; path = YLAppDelegate.m; sourceTree = "<group>"; };
/* End PBXFileReference section */

/* Begin PBXFrameworksBuildPhase section */
		8531ECF21885823300CDDBD2 /* Frameworks */ = {
			isa = PBXFrameworksBuildPhase;
			buildActionMask = 2147483647;
			files = (
				8531ECF91885823300CDDBD2 /* Cocoa.framework in Frameworks */,
			);
			runOnlyForDeploymentPostprocessing = 0;
		};
		8531ED161885823300CDDBD2 /* Frameworks */ = {
			isa = PBXFrameworksBuildPhase;
			buildActionMask = 2147483647;
			files = (
				8531ED1C1885823300CDDBD2 /* Cocoa.framework in Frameworks */,
				8531ED1B1885823300CDDBD2 /* XCTest.framework in Frameworks */,
			);
			runOnlyForDeploymentPostprocessing = 0;
		};
/* End PBXFrameworksBuildPhase section */

/* Begin PBXGroup section */
		8531ECEC1885823300CDDBD2 = {
			isa = PBXGroup;
			children = (
				8531ECFE1885823300CDDBD2 /* SkewDragon */,
				8531ED1F1885823300CDDBD2 /* SkewDragonTests */,
				8531ECF71885823300CDDBD2 /* Frameworks */,
				8531ECF61885823300CDDBD2 /* Products */,
			);
			sourceTree = "<group>";
		};
		8531ECF61885823300CDDBD2 /* Products */ = {
			isa = PBXGroup;
			children = (
				8531ECF51885823300CDDBD2 /* SkewDragon.app */,
				8531ED191885823300CDDBD2 /* SkewDragonTests.xctest */,
			);
			name = Products;
			sourceTree = "<group>";
		};
		8531ECF71885823300CDDBD2 /* Frameworks */ = {
			isa = PBXGroup;
			children = (
				8531ECF81885823300CDDBD2 /* Cocoa.framework */,
				8531ED1A1885823300CDDBD2 /* XCTest.framework */,
				8531ECFA1885823300CDDBD2 /* Other Frameworks */,
			);
			name = Frameworks;
			sourceTree = "<group>";
		};
		8531ECFA1885823300CDDBD2 /* Other Frameworks */ = {
			isa = PBXGroup;
			children = (
				8531ECFB1885823300CDDBD2 /* AppKit.framework */,
				8531ECFC1885823300CDDBD2 /* CoreData.framework */,
				8531ECFD1885823300CDDBD2 /* Foundation.framework */,
			);
			name = "Other Frameworks";
			sourceTree = "<group>";
		};
		8531ECFE1885823300CDDBD2 /* SkewDragon */ = {
			isa = PBXGroup;
			children = (
				85EDA83C18859B68009F690C /* YLAppDelegate.h */,
				85EDA83D18859B68009F690C /* YLAppDelegate.m */,
				8531ED0A1885823300CDDBD2 /* YLDocument.h */,
				8531ED0B1885823300CDDBD2 /* YLDocument.mm */,
				8531ED2F188582DD00CDDBD2 /* YLPlayerView.h */,
				8531ED30188582DD00CDDBD2 /* YLPlayerView.m */,
				858F252A1887812600C9BC20 /* YLFaceLayer.h */,
				858F252B1887812600C9BC20 /* YLFaceLayer.m */,
				8531ED101885823300CDDBD2 /* MainMenu.xib */,
				8531ED0D1885823300CDDBD2 /* YLDocument.xib */,
				8531ED131885823300CDDBD2 /* Images.xcassets */,
				8531ECFF1885823300CDDBD2 /* Supporting Files */,
			);
			path = SkewDragon;
			sourceTree = "<group>";
		};
		8531ECFF1885823300CDDBD2 /* Supporting Files */ = {
			isa = PBXGroup;
			children = (
				8531ED001885823300CDDBD2 /* SkewDragon-Info.plist */,
				8531ED011885823300CDDBD2 /* InfoPlist.strings */,
				8531ED041885823300CDDBD2 /* main.m */,
				8531ED061885823300CDDBD2 /* SkewDragon-Prefix.pch */,
				8531ED071885823300CDDBD2 /* Credits.rtf */,
			);
			name = "Supporting Files";
			sourceTree = "<group>";
		};
		8531ED1F1885823300CDDBD2 /* SkewDragonTests */ = {
			isa = PBXGroup;
			children = (
				8531ED251885823300CDDBD2 /* SkewDragonTests.m */,
				8531ED201885823300CDDBD2 /* Supporting Files */,
			);
			path = SkewDragonTests;
			sourceTree = "<group>";
		};
		8531ED201885823300CDDBD2 /* Supporting Files */ = {
			isa = PBXGroup;
			children = (
				8531ED211885823300CDDBD2 /* SkewDragonTests-Info.plist */,
				8531ED221885823300CDDBD2 /* InfoPlist.strings */,
			);
			name = "Supporting Files";
			sourceTree = "<group>";
		};
/* End PBXGroup section */

/* Begin PBXNativeTarget section */
		8531ECF41885823300CDDBD2 /* SkewDragon */ = {
			isa = PBXNativeTarget;
			buildConfigurationList = 8531ED291885823300CDDBD2 /* Build configuration list for PBXNativeTarget "SkewDragon" */;
			buildPhases = (
				8531ECF11885823300CDDBD2 /* Sources */,
				8531ECF21885823300CDDBD2 /* Frameworks */,
				8531ECF31885823300CDDBD2 /* Resources */,
			);
			buildRules = (
			);
			dependencies = (
			);
			name = SkewDragon;
			productName = SkewDragon;
			productReference = 8531ECF51885823300CDDBD2 /* SkewDragon.app */;
			productType = "com.apple.product-type.application";
		};
		8531ED181885823300CDDBD2 /* SkewDragonTests */ = {
			isa = PBXNativeTarget;
			buildConfigurationList = 8531ED2C1885823300CDDBD2 /* Build configuration list for PBXNativeTarget "SkewDragonTests" */;
			buildPhases = (
				8531ED151885823300CDDBD2 /* Sources */,
				8531ED161885823300CDDBD2 /* Frameworks */,
				8531ED171885823300CDDBD2 /* Resources */,
			);
			buildRules = (
			);
			dependencies = (
				8531ED1E1885823300CDDBD2 /* PBXTargetDependency */,
			);
			name = SkewDragonTests;
			productName = SkewDragonTests;
			productReference = 8531ED191885823300CDDBD2 /* SkewDragonTests.xctest */;
			productType = "com.apple.product-type.bundle.unit-test";
		};
/* End PBXNativeTarget section */

/* Begin PBXProject section */
		8531ECED1885823300CDDBD2 /* Project object */ = {
			isa = PBXProject;
			attributes = {
				CLASSPREFIX = YL;
				LastUpgradeCheck = 0500;
				ORGANIZATIONNAME = "Yung-Luen Lan";
				TargetAttributes = {
					8531ED181885823300CDDBD2 = {
						TestTargetID = 8531ECF41885823300CDDBD2;
					};
				};
			};
			buildConfigurationList = 8531ECF01885823300CDDBD2 /* Build configuration list for PBXProject "SkewDragon" */;
			compatibilityVersion = "Xcode 3.2";
			developmentRegion = English;
			hasScannedForEncodings = 0;
			knownRegions = (
				en,
				Base,
			);
			mainGroup = 8531ECEC1885823300CDDBD2;
			productRefGroup = 8531ECF61885823300CDDBD2 /* Products */;
			projectDirPath = "";
			projectRoot = "";
			targets = (
				8531ECF41885823300CDDBD2 /* SkewDragon */,
				8531ED181885823300CDDBD2 /* SkewDragonTests */,
			);
		};
/* End PBXProject section */

/* Begin PBXResourcesBuildPhase section */
		8531ECF31885823300CDDBD2 /* Resources */ = {
			isa = PBXResourcesBuildPhase;
			buildActionMask = 2147483647;
			files = (
				8531ED031885823300CDDBD2 /* InfoPlist.strings in Resources */,
				8531ED141885823300CDDBD2 /* Images.xcassets in Resources */,
				8531ED0F1885823300CDDBD2 /* YLDocument.xib in Resources */,
				8531ED091885823300CDDBD2 /* Credits.rtf in Resources */,
				8531ED121885823300CDDBD2 /* MainMenu.xib in Resources */,
			);
			runOnlyForDeploymentPostprocessing = 0;
		};
		8531ED171885823300CDDBD2 /* Resources */ = {
			isa = PBXResourcesBuildPhase;
			buildActionMask = 2147483647;
			files = (
				8531ED241885823300CDDBD2 /* InfoPlist.strings in Resources */,
			);
			runOnlyForDeploymentPostprocessing = 0;
		};
/* End PBXResourcesBuildPhase section */

/* Begin PBXSourcesBuildPhase section */
		8531ECF11885823300CDDBD2 /* Sources */ = {
			isa = PBXSourcesBuildPhase;
			buildActionMask = 2147483647;
			files = (
				8531ED31188582DD00CDDBD2 /* YLPlayerView.m in Sources */,
				8531ED051885823300CDDBD2 /* main.m in Sources */,
				8531ED0C1885823300CDDBD2 /* YLDocument.mm in Sources */,
				85EDA83E18859B68009F690C /* YLAppDelegate.m in Sources */,
				858F252C1887812600C9BC20 /* YLFaceLayer.m in Sources */,
			);
			runOnlyForDeploymentPostprocessing = 0;
		};
		8531ED151885823300CDDBD2 /* Sources */ = {
			isa = PBXSourcesBuildPhase;
			buildActionMask = 2147483647;
			files = (
				8531ED261885823300CDDBD2 /* SkewDragonTests.m in Sources */,
			);
			runOnlyForDeploymentPostprocessing = 0;
		};
/* End PBXSourcesBuildPhase section */

/* Begin PBXTargetDependency section */
		8531ED1E1885823300CDDBD2 /* PBXTargetDependency */ = {
			isa = PBXTargetDependency;
			target = 8531ECF41885823300CDDBD2 /* SkewDragon */;
			targetProxy = 8531ED1D1885823300CDDBD2 /* PBXContainerItemProxy */;
		};
/* End PBXTargetDependency section */

/* Begin PBXVariantGroup section */
		8531ED011885823300CDDBD2 /* InfoPlist.strings */ = {
			isa = PBXVariantGroup;
			children = (
				8531ED021885823300CDDBD2 /* en */,
			);
			name = InfoPlist.strings;
			sourceTree = "<group>";
		};
		8531ED071885823300CDDBD2 /* Credits.rtf */ = {
			isa = PBXVariantGroup;
			children = (
				8531ED081885823300CDDBD2 /* en */,
			);
			name = Credits.rtf;
			sourceTree = "<group>";
		};
		8531ED0D1885823300CDDBD2 /* YLDocument.xib */ = {
			isa = PBXVariantGroup;
			children = (
				8531ED0E1885823300CDDBD2 /* Base */,
			);
			name = YLDocument.xib;
			sourceTree = "<group>";
		};
		8531ED101885823300CDDBD2 /* MainMenu.xib */ = {
			isa = PBXVariantGroup;
			children = (
				8531ED111885823300CDDBD2 /* Base */,
			);
			name = MainMenu.xib;
			sourceTree = "<group>";
		};
		8531ED221885823300CDDBD2 /* InfoPlist.strings */ = {
			isa = PBXVariantGroup;
			children = (
				8531ED231885823300CDDBD2 /* en */,
			);
			name = InfoPlist.strings;
			sourceTree = "<group>";
		};
/* End PBXVariantGroup section */

/* Begin XCBuildConfiguration section */
		8531ED271885823300CDDBD2 /* Debug */ = {
			isa = XCBuildConfiguration;
			buildSettings = {
				ALWAYS_SEARCH_USER_PATHS = NO;
				CLANG_CXX_LANGUAGE_STANDARD = "gnu++0x";
				CLANG_CXX_LIBRARY = "libc++";
				CLANG_ENABLE_OBJC_ARC = YES;
				CLANG_WARN_BOOL_CONVERSION = YES;
				CLANG_WARN_CONSTANT_CONVERSION = YES;
				CLANG_WARN_DIRECT_OBJC_ISA_USAGE = YES_ERROR;
				CLANG_WARN_EMPTY_BODY = YES;
				CLANG_WARN_ENUM_CONVERSION = YES;
				CLANG_WARN_INT_CONVERSION = YES;
				CLANG_WARN_OBJC_ROOT_CLASS = YES_ERROR;
				CLANG_WARN__DUPLICATE_METHOD_MATCH = YES;
				COPY_PHASE_STRIP = NO;
				GCC_C_LANGUAGE_STANDARD = gnu99;
				GCC_DYNAMIC_NO_PIC = NO;
				GCC_ENABLE_OBJC_EXCEPTIONS = YES;
				GCC_OPTIMIZATION_LEVEL = 0;
				GCC_PREPROCESSOR_DEFINITIONS = (
					"DEBUG=1",
					"$(inherited)",
				);
				GCC_SYMBOLS_PRIVATE_EXTERN = NO;
				GCC_WARN_64_TO_32_BIT_CONVERSION = YES;
				GCC_WARN_ABOUT_RETURN_TYPE = YES_ERROR;
				GCC_WARN_UNDECLARED_SELECTOR = YES;
				GCC_WARN_UNINITIALIZED_AUTOS = YES;
				GCC_WARN_UNUSED_FUNCTION = YES;
				GCC_WARN_UNUSED_VARIABLE = YES;
				MACOSX_DEPLOYMENT_TARGET = 10.9;
				ONLY_ACTIVE_ARCH = YES;
				SDKROOT = macosx;
			};
			name = Debug;
		};
		8531ED281885823300CDDBD2 /* Release */ = {
			isa = XCBuildConfiguration;
			buildSettings = {
				ALWAYS_SEARCH_USER_PATHS = NO;
				CLANG_CXX_LANGUAGE_STANDARD = "gnu++0x";
				CLANG_CXX_LIBRARY = "libc++";
				CLANG_ENABLE_OBJC_ARC = YES;
				CLANG_WARN_BOOL_CONVERSION = YES;
				CLANG_WARN_CONSTANT_CONVERSION = YES;
				CLANG_WARN_DIRECT_OBJC_ISA_USAGE = YES_ERROR;
				CLANG_WARN_EMPTY_BODY = YES;
				CLANG_WARN_ENUM_CONVERSION = YES;
				CLANG_WARN_INT_CONVERSION = YES;
				CLANG_WARN_OBJC_ROOT_CLASS = YES_ERROR;
				CLANG_WARN__DUPLICATE_METHOD_MATCH = YES;
				COPY_PHASE_STRIP = YES;
				DEBUG_INFORMATION_FORMAT = "dwarf-with-dsym";
				ENABLE_NS_ASSERTIONS = NO;
				GCC_C_LANGUAGE_STANDARD = gnu99;
				GCC_ENABLE_OBJC_EXCEPTIONS = YES;
				GCC_WARN_64_TO_32_BIT_CONVERSION = YES;
				GCC_WARN_ABOUT_RETURN_TYPE = YES_ERROR;
				GCC_WARN_UNDECLARED_SELECTOR = YES;
				GCC_WARN_UNINITIALIZED_AUTOS = YES;
				GCC_WARN_UNUSED_FUNCTION = YES;
				GCC_WARN_UNUSED_VARIABLE = YES;
				MACOSX_DEPLOYMENT_TARGET = 10.9;
				SDKROOT = macosx;
			};
			name = Release;
		};
		8531ED2A1885823300CDDBD2 /* Debug */ = {
			isa = XCBuildConfiguration;
			buildSettings = {
				ASSETCATALOG_COMPILER_APPICON_NAME = AppIcon;
				CLANG_ENABLE_MODULES = YES;
				COMBINE_HIDPI_IMAGES = YES;
				GCC_PRECOMPILE_PREFIX_HEADER = YES;
				GCC_PREFIX_HEADER = "SkewDragon/SkewDragon-Prefix.pch";
				INFOPLIST_FILE = "SkewDragon/SkewDragon-Info.plist";
				PRODUCT_NAME = "$(TARGET_NAME)";
				WRAPPER_EXTENSION = app;
			};
			name = Debug;
		};
		8531ED2B1885823300CDDBD2 /* Release */ = {
			isa = XCBuildConfiguration;
			buildSettings = {
				ASSETCATALOG_COMPILER_APPICON_NAME = AppIcon;
				CLANG_ENABLE_MODULES = YES;
				COMBINE_HIDPI_IMAGES = YES;
				GCC_PRECOMPILE_PREFIX_HEADER = YES;
				GCC_PREFIX_HEADER = "SkewDragon/SkewDragon-Prefix.pch";
				INFOPLIST_FILE = "SkewDragon/SkewDragon-Info.plist";
				PRODUCT_NAME = "$(TARGET_NAME)";
				WRAPPER_EXTENSION = app;
			};
			name = Release;
		};
		8531ED2D1885823300CDDBD2 /* Debug */ = {
			isa = XCBuildConfiguration;
			buildSettings = {
				BUNDLE_LOADER = "$(BUILT_PRODUCTS_DIR)/SkewDragon.app/Contents/MacOS/SkewDragon";
				COMBINE_HIDPI_IMAGES = YES;
				FRAMEWORK_SEARCH_PATHS = (
					"$(DEVELOPER_FRAMEWORKS_DIR)",
					"$(inherited)",
				);
				GCC_PRECOMPILE_PREFIX_HEADER = YES;
				GCC_PREFIX_HEADER = "SkewDragon/SkewDragon-Prefix.pch";
				GCC_PREPROCESSOR_DEFINITIONS = (
					"DEBUG=1",
					"$(inherited)",
				);
				INFOPLIST_FILE = "SkewDragonTests/SkewDragonTests-Info.plist";
				PRODUCT_NAME = "$(TARGET_NAME)";
				TEST_HOST = "$(BUNDLE_LOADER)";
				WRAPPER_EXTENSION = xctest;
			};
			name = Debug;
		};
		8531ED2E1885823300CDDBD2 /* Release */ = {
			isa = XCBuildConfiguration;
			buildSettings = {
				BUNDLE_LOADER = "$(BUILT_PRODUCTS_DIR)/SkewDragon.app/Contents/MacOS/SkewDragon";
				COMBINE_HIDPI_IMAGES = YES;
				FRAMEWORK_SEARCH_PATHS = (
					"$(DEVELOPER_FRAMEWORKS_DIR)",
					"$(inherited)",
				);
				GCC_PRECOMPILE_PREFIX_HEADER = YES;
				GCC_PREFIX_HEADER = "SkewDragon/SkewDragon-Prefix.pch";
				INFOPLIST_FILE = "SkewDragonTests/SkewDragonTests-Info.plist";
				PRODUCT_NAME = "$(TARGET_NAME)";
				TEST_HOST = "$(BUNDLE_LOADER)";
				WRAPPER_EXTENSION = xctest;
			};
			name = Release;
		};
/* End XCBuildConfiguration section */

/* Begin XCConfigurationList section */
		8531ECF01885823300CDDBD2 /* Build configuration list for PBXProject "SkewDragon" */ = {
			isa = XCConfigurationList;
			buildConfigurations = (
				8531ED271885823300CDDBD2 /* Debug */,
				8531ED281885823300CDDBD2 /* Release */,
			);
			defaultConfigurationIsVisible = 0;
			defaultConfigurationName = Release;
		};
		8531ED291885823300CDDBD2 /* Build configuration list for PBXNativeTarget "SkewDragon" */ = {
			isa = XCConfigurationList;
			buildConfigurations = (
				8531ED2A1885823300CDDBD2 /* Debug */,
				8531ED2B1885823300CDDBD2 /* Release */,
			);
			defaultConfigurationIsVisible = 0;
			defaultConfigurationName = Release;
		};
		8531ED2C1885823300CDDBD2 /* Build configuration list for PBXNativeTarget "SkewDragonTests" */ = {
			isa = XCConfigurationList;
			buildConfigurations = (
				8531ED2D1885823300CDDBD2 /* Debug */,
				8531ED2E1885823300CDDBD2 /* Release */,
			);
			defaultConfigurationIsVisible = 0;
			defaultConfigurationName = Release;
		};
/* End XCConfigurationList section */
	};
	rootObject = 8531ECED1885823300CDDBD2 /* Project object */;
}
